
Microsoft Visual Studio Solution File, Format Version 12.00
# Visual Studio Version 17
VisualStudioVersion = 17.9.34701.34
MinimumVisualStudioVersion = 10.0.40219.1
Project("{FAE04EC0-301F-11D3-BF4B-00C04F79EFBC}") = "prjCompositeExercicio", "prjCompositeExercicio\prjCompositeExercicio.csproj", "{B6BC4E20-6A01-4869-9F61-8FDA2810E92D}"
EndProject
Global
	GlobalSection(SolutionConfigurationPlatforms) = preSolution
		Debug|Any CPU = Debug|Any CPU
		Release|Any CPU = Release|Any CPU
	EndGlobalSection
	GlobalSection(ProjectConfigurationPlatforms) = postSolution
		{B6BC4E20-6A01-4869-9F61-8FDA2810E92D}.Debug|Any CPU.ActiveCfg = Debug|Any CPU
		{B6BC4E20-6A01-4869-9F61-8FDA2810E92D}.Debug|Any CPU.Build.0 = Debug|Any CPU
		{B6BC4E20-6A01-4869-9F61-8FDA2810E92D}.Release|Any CPU.ActiveCfg = Release|Any CPU
		{B6BC4E20-6A01-4869-9F61-8FDA2810E92D}.Release|Any CPU.Build.0 = Release|Any CPU
	EndGlobalSection
	GlobalSection(SolutionProperties) = preSolution
		HideSolutionNode = FALSE
	EndGlobalSection
	GlobalSection(ExtensibilityGlobals) = postSolution
		SolutionGuid = {4D0B6111-E05E-4ACD-883F-B2235445C029}
	EndGlobalSection
EndGlobal
